Microsoft Visual Studio Solution File, Format Version 12.00
# Visual Studio Version 17
VisualStudioVersion = 17.5.2.0
MinimumVisualStudioVersion = 10.0.40219.1
Project("{FAE04EC0-301F-11D3-BF4B-00C04F79EFBC}") = "TravelPlannerAPI", "TravelPlannerAPI\TravelPlannerAPI.csproj", "{9A31C2D1-2C55-3DEC-4865-ED229B7AEF6D}"
EndProject
Global
	GlobalSection(SolutionConfigurationPlatforms) = preSolution
		Debug|Any CPU = Debug|Any CPU
		Release|Any CPU = Release|Any CPU
	EndGlobalSection
	GlobalSection(ProjectConfigurationPlatforms) = postSolution
		{9A31C2D1-2C55-3DEC-4865-ED229B7AEF6D}.Debug|Any CPU.ActiveCfg = Debug|Any CPU
		{9A31C2D1-2C55-3DEC-4865-ED229B7AEF6D}.Debug|Any CPU.Build.0 = Debug|Any CPU
		{9A31C2D1-2C55-3DEC-4865-ED229B7AEF6D}.Release|Any CPU.ActiveCfg = Release|Any CPU
		{9A31C2D1-2C55-3DEC-4865-ED229B7AEF6D}.Release|Any CPU.Build.0 = Release|Any CPU
	EndGlobalSection
	GlobalSection(SolutionProperties) = preSolution
		HideSolutionNode = FALSE
	EndGlobalSection
	GlobalSection(ExtensibilityGlobals) = postSolution
		SolutionGuid = {7635A314-DBB8-452B-893A-F8F6A3ACA4FC}
	EndGlobalSection
EndGlobal
